dependencies:
- name: go-hello-world
  repository: https://loafoe.github.io/helm-charts
  version: 0.5.0
- name: go-hello-world
  repository: https://loafoe.github.io/helm-charts
  version: 0.5.0
digest: sha256:2798907a6104f57cfd071498c177f06c9934ffd0f9d749b4d885242be2ad5d08
generated: "2022-12-04T15:23:18.573838+01:00"
