dependencies:
- name: go-hello-world
  repository: https://loafoe.github.io/helm-charts
  version: 0.5.1
- name: go-hello-world
  repository: https://loafoe.github.io/helm-charts
  version: 0.5.1
digest: sha256:4e6216de580800fa8ed0f589e256981e745ae9d6daaad3128bc13a61e0495ab0
generated: "2022-12-04T17:57:49.537625+01:00"
